
Microsoft Visual Studio Solution File, Format Version 12.00
# Visual Studio Version 17
VisualStudioVersion = 17.0.31903.59
MinimumVisualStudioVersion = 10.0.40219.1
Project("{FAE04EC0-301F-11D3-BF4B-00C04F79EFBC}") = "Publisher", "Publisher\Publisher.csproj", "{1FB64307-1FAE-4FF1-81AC-BFA3AF35A37F}"
EndProject
Project("{FAE04EC0-301F-11D3-BF4B-00C04F79EFBC}") = "Subscriber", "Subscriber\Subscriber.csproj", "{0C731C56-DD06-48FB-8B81-D46312CF29EC}"
EndProject
Global
	GlobalSection(SolutionConfigurationPlatforms) = preSolution
		Debug|Any CPU = Debug|Any CPU
		Release|Any CPU = Release|Any CPU
	EndGlobalSection
	GlobalSection(SolutionProperties) = preSolution
		HideSolutionNode = FALSE
	EndGlobalSection
	GlobalSection(ProjectConfigurationPlatforms) = postSolution
		{1FB64307-1FAE-4FF1-81AC-BFA3AF35A37F}.Debug|Any CPU.ActiveCfg = Debug|Any CPU
		{1FB64307-1FAE-4FF1-81AC-BFA3AF35A37F}.Debug|Any CPU.Build.0 = Debug|Any CPU
		{1FB64307-1FAE-4FF1-81AC-BFA3AF35A37F}.Release|Any CPU.ActiveCfg = Release|Any CPU
		{1FB64307-1FAE-4FF1-81AC-BFA3AF35A37F}.Release|Any CPU.Build.0 = Release|Any CPU
		{0C731C56-DD06-48FB-8B81-D46312CF29EC}.Debug|Any CPU.ActiveCfg = Debug|Any CPU
		{0C731C56-DD06-48FB-8B81-D46312CF29EC}.Debug|Any CPU.Build.0 = Debug|Any CPU
		{0C731C56-DD06-48FB-8B81-D46312CF29EC}.Release|Any CPU.ActiveCfg = Release|Any CPU
		{0C731C56-DD06-48FB-8B81-D46312CF29EC}.Release|Any CPU.Build.0 = Release|Any CPU
	EndGlobalSection
EndGlobal
